// !$*UTF8*$!
{
	archiveVersion = 1;
	classes = {
	};
	objectVersion = 55;
	objects = {

/* Begin PBXBuildFile section */
		2B19D4AA28BE372A00ADCD89 /* myTableViewCell.swift in Sources */ = {isa = PBXBuildFile; fileRef = 2B19D4A928BE372A00ADCD89 /* myTableViewCell.swift */; };
		2B26BF4E28BCF9F700B8E4BF /* AppDelegate.swift in Sources */ = {isa = PBXBuildFile; fileRef = 2B26BF4D28BCF9F700B8E4BF /* AppDelegate.swift */; };
		2B26BF5028BCF9F700B8E4BF /* SceneDelegate.swift in Sources */ = {isa = PBXBuildFile; fileRef = 2B26BF4F28BCF9F700B8E4BF /* SceneDelegate.swift */; };
		2B26BF5228BCF9F700B8E4BF /* ViewController.swift in Sources */ = {isa = PBXBuildFile; fileRef = 2B26BF5128BCF9F700B8E4BF /* ViewController.swift */; };
		2B26BF5528BCF9F700B8E4BF /* Main.storyboard in Resources */ = {isa = PBXBuildFile; fileRef = 2B26BF5328BCF9F700B8E4BF /* Main.storyboard */; };
		2B26BF5728BCF9F800B8E4BF /* Assets.xcassets in Resources */ = {isa = PBXBuildFile; fileRef = 2B26BF5628BCF9F800B8E4BF /* Assets.xcassets */; };
		2B26BF5A28BCF9F800B8E4BF /* LaunchScreen.storyboard in Resources */ = {isa = PBXBuildFile; fileRef = 2B26BF5828BCF9F800B8E4BF /* LaunchScreen.storyboard */; };
		2B26BF6528BCF9F900B8E4BF /* O_StoreTests.swift in Sources */ = {isa = PBXBuildFile; fileRef = 2B26BF6428BCF9F900B8E4BF /* O_StoreTests.swift */; };
		2B26BF6F28BCF9F900B8E4BF /* O_StoreUITests.swift in Sources */ = {isa = PBXBuildFile; fileRef = 2B26BF6E28BCF9F900B8E4BF /* O_StoreUITests.swift */; };
		2B26BF7128BCF9F900B8E4BF /* O_StoreUITestsLaunchTests.swift in Sources */ = {isa = PBXBuildFile; fileRef = 2B26BF7028BCF9F900B8E4BF /* O_StoreUITestsLaunchTests.swift */; };
		2B26BF8428BD0AB400B8E4BF /* CatgoriesViewController.swift in Sources */ = {isa = PBXBuildFile; fileRef = 2B26BF8328BD0AB400B8E4BF /* CatgoriesViewController.swift */; };
		EE19BF8D28BE451000BBC6D8 /* CatViewController.swift in Sources */ = {isa = PBXBuildFile; fileRef = EE19BF8C28BE451000BBC6D8 /* CatViewController.swift */; };
/* End PBXBuildFile section */

/* Begin PBXContainerItemProxy section */
		2B26BF6128BCF9F900B8E4BF /* PBXContainerItemProxy */ = {
			isa = PBXContainerItemProxy;
			containerPortal = 2B26BF4228BCF9F700B8E4BF /* Project object */;
			proxyType = 1;
			remoteGlobalIDString = 2B26BF4928BCF9F700B8E4BF;
			remoteInfo = "O-Store";
		};
		2B26BF6B28BCF9F900B8E4BF /* PBXContainerItemProxy */ = {
			isa = PBXContainerItemProxy;
			containerPortal = 2B26BF4228BCF9F700B8E4BF /* Project object */;
			proxyType = 1;
			remoteGlobalIDString = 2B26BF4928BCF9F700B8E4BF;
			remoteInfo = "O-Store";
		};
/* End PBXContainerItemProxy section */

/* Begin PBXFileReference section */
		2B19D4A928BE372A00ADCD89 /* myTableViewCell.swift */ = {isa = PBXFileReference; lastKnownFileType = sourcecode.swift; path = myTableViewCell.swift; sourceTree = "<group>"; };
		2B26BF4A28BCF9F700B8E4BF /* O-Store.app */ = {isa = PBXFileReference; explicitFileType = wrapper.application; includeInIndex = 0; path = "O-Store.app"; sourceTree = BUILT_PRODUCTS_DIR; };
		2B26BF4D28BCF9F700B8E4BF /* AppDelegate.swift */ = {isa = PBXFileReference; lastKnownFileType = sourcecode.swift; path = AppDelegate.swift; sourceTree = "<group>"; };
		2B26BF4F28BCF9F700B8E4BF /* SceneDelegate.swift */ = {isa = PBXFileReference; lastKnownFileType = sourcecode.swift; path = SceneDelegate.swift; sourceTree = "<group>"; };
		2B26BF5128BCF9F700B8E4BF /* ViewController.swift */ = {isa = PBXFileReference; lastKnownFileType = sourcecode.swift; path = ViewController.swift; sourceTree = "<group>"; };
		2B26BF5428BCF9F700B8E4BF /* Base */ = {isa = PBXFileReference; lastKnownFileType = file.storyboard; name = Base; path = Base.lproj/Main.storyboard; sourceTree = "<group>"; };
		2B26BF5628BCF9F800B8E4BF /* Assets.xcassets */ = {isa = PBXFileReference; lastKnownFileType = folder.assetcatalog; path = Assets.xcassets; sourceTree = "<group>"; };
		2B26BF5928BCF9F800B8E4BF /* Base */ = {isa = PBXFileReference; lastKnownFileType = file.storyboard; name = Base; path = Base.lproj/LaunchScreen.storyboard; sourceTree = "<group>"; };
		2B26BF5B28BCF9F800B8E4BF /* Info.plist */ = {isa = PBXFileReference; lastKnownFileType = text.plist.xml; path = Info.plist; sourceTree = "<group>"; };
		2B26BF6028BCF9F900B8E4BF /* O-StoreTests.xctest */ = {isa = PBXFileReference; explicitFileType = wrapper.cfbundle; includeInIndex = 0; path = "O-StoreTests.xctest"; sourceTree = BUILT_PRODUCTS_DIR; };
		2B26BF6428BCF9F900B8E4BF /* O_StoreTests.swift */ = {isa = PBXFileReference; lastKnownFileType = sourcecode.swift; path = O_StoreTests.swift; sourceTree = "<group>"; };
		2B26BF6A28BCF9F900B8E4BF /* O-StoreUITests.xctest */ = {isa = PBXFileReference; explicitFileType = wrapper.cfbundle; includeInIndex = 0; path = "O-StoreUITests.xctest"; sourceTree = BUILT_PRODUCTS_DIR; };
		2B26BF6E28BCF9F900B8E4BF /* O_StoreUITests.swift */ = {isa = PBXFileReference; lastKnownFileType = sourcecode.swift; path = O_StoreUITests.swift; sourceTree = "<group>"; };
		2B26BF7028BCF9F900B8E4BF /* O_StoreUITestsLaunchTests.swift */ = {isa = PBXFileReference; lastKnownFileType = sourcecode.swift; path = O_StoreUITestsLaunchTests.swift; sourceTree = "<group>"; };
		2B26BF8328BD0AB400B8E4BF /* CatgoriesViewController.swift */ = {isa = PBXFileReference; lastKnownFileType = sourcecode.swift; path = CatgoriesViewController.swift; sourceTree = "<group>"; };
		EE19BF8C28BE451000BBC6D8 /* CatViewController.swift */ = {isa = PBXFileReference; lastKnownFileType = sourcecode.swift; path = CatViewController.swift; sourceTree = "<group>"; };
/* End PBXFileReference section */

/* Begin PBXFrameworksBuildPhase section */
		2B26BF4728BCF9F700B8E4BF /* Frameworks */ = {
			isa = PBXFrameworksBuildPhase;
			buildActionMask = 2147483647;
			files = (
			);
			runOnlyForDeploymentPostprocessing = 0;
		};
		2B26BF5D28BCF9F900B8E4BF /* Frameworks */ = {
			isa = PBXFrameworksBuildPhase;
			buildActionMask = 2147483647;
			files = (
			);
			runOnlyForDeploymentPostprocessing = 0;
		};
		2B26BF6728BCF9F900B8E4BF /* Frameworks */ = {
			isa = PBXFrameworksBuildPhase;
			buildActionMask = 2147483647;
			files = (
			);
			runOnlyForDeploymentPostprocessing = 0;
		};
/* End PBXFrameworksBuildPhase section */

/* Begin PBXGroup section */
		2B26BF4128BCF9F700B8E4BF = {
			isa = PBXGroup;
			children = (
				2B26BF4C28BCF9F700B8E4BF /* O-Store */,
				2B26BF6328BCF9F900B8E4BF /* O-StoreTests */,
				2B26BF6D28BCF9F900B8E4BF /* O-StoreUITests */,
				2B26BF4B28BCF9F700B8E4BF /* Products */,
			);
			sourceTree = "<group>";
		};
		2B26BF4B28BCF9F700B8E4BF /* Products */ = {
			isa = PBXGroup;
			children = (
				2B26BF4A28BCF9F700B8E4BF /* O-Store.app */,
				2B26BF6028BCF9F900B8E4BF /* O-StoreTests.xctest */,
				2B26BF6A28BCF9F900B8E4BF /* O-StoreUITests.xctest */,
			);
			name = Products;
			sourceTree = "<group>";
		};
		2B26BF4C28BCF9F700B8E4BF /* O-Store */ = {
			isa = PBXGroup;
			children = (
				2B26BF4D28BCF9F700B8E4BF /* AppDelegate.swift */,
				2B26BF4F28BCF9F700B8E4BF /* SceneDelegate.swift */,
				2B26BF5128BCF9F700B8E4BF /* ViewController.swift */,
				2B26BF8328BD0AB400B8E4BF /* CatgoriesViewController.swift */,
				2B19D4A928BE372A00ADCD89 /* myTableViewCell.swift */,
				2B26BF5828BCF9F800B8E4BF /* LaunchScreen.storyboard */,
				2B26BF5328BCF9F700B8E4BF /* Main.storyboard */,
				2B26BF5628BCF9F800B8E4BF /* Assets.xcassets */,
				2B26BF5B28BCF9F800B8E4BF /* Info.plist */,
				EE19BF8C28BE451000BBC6D8 /* CatViewController.swift */,
			);
			path = "O-Store";
			sourceTree = "<group>";
		};
		2B26BF6328BCF9F900B8E4BF /* O-StoreTests */ = {
			isa = PBXGroup;
			children = (
				2B26BF6428BCF9F900B8E4BF /* O_StoreTests.swift */,
			);
			path = "O-StoreTests";
			sourceTree = "<group>";
		};
		2B26BF6D28BCF9F900B8E4BF /* O-StoreUITests */ = {
			isa = PBXGroup;
			children = (
				2B26BF6E28BCF9F900B8E4BF /* O_StoreUITests.swift */,
				2B26BF7028BCF9F900B8E4BF /* O_StoreUITestsLaunchTests.swift */,
			);
			path = "O-StoreUITests";
			sourceTree = "<group>";
		};
/* End PBXGroup section */

/* Begin PBXNativeTarget section */
		2B26BF4928BCF9F700B8E4BF /* O-Store */ = {
			isa = PBXNativeTarget;
			buildConfigurationList = 2B26BF7428BCF9F900B8E4BF /* Build configuration list for PBXNativeTarget "O-Store" */;
			buildPhases = (
				2B26BF4628BCF9F700B8E4BF /* Sources */,
				2B26BF4728BCF9F700B8E4BF /* Frameworks */,
				2B26BF4828BCF9F700B8E4BF /* Resources */,
			);
			buildRules = (
			);
			dependencies = (
			);
			name = "O-Store";
			productName = "O-Store";
			productReference = 2B26BF4A28BCF9F700B8E4BF /* O-Store.app */;
			productType = "com.apple.product-type.application";
		};
		2B26BF5F28BCF9F900B8E4BF /* O-StoreTests */ = {
			isa = PBXNativeTarget;
			buildConfigurationList = 2B26BF7728BCF9F900B8E4BF /* Build configuration list for PBXNativeTarget "O-StoreTests" */;
			buildPhases = (
				2B26BF5C28BCF9F900B8E4BF /* Sources */,
				2B26BF5D28BCF9F900B8E4BF /* Frameworks */,
				2B26BF5E28BCF9F900B8E4BF /* Resources */,
			);
			buildRules = (
			);
			dependencies = (
				2B26BF6228BCF9F900B8E4BF /* PBXTargetDependency */,
			);
			name = "O-StoreTests";
			productName = "O-StoreTests";
			productReference = 2B26BF6028BCF9F900B8E4BF /* O-StoreTests.xctest */;
			productType = "com.apple.product-type.bundle.unit-test";
		};
		2B26BF6928BCF9F900B8E4BF /* O-StoreUITests */ = {
			isa = PBXNativeTarget;
			buildConfigurationList = 2B26BF7A28BCF9F900B8E4BF /* Build configuration list for PBXNativeTarget "O-StoreUITests" */;
			buildPhases = (
				2B26BF6628BCF9F900B8E4BF /* Sources */,
				2B26BF6728BCF9F900B8E4BF /* Frameworks */,
				2B26BF6828BCF9F900B8E4BF /* Resources */,
			);
			buildRules = (
			);
			dependencies = (
				2B26BF6C28BCF9F900B8E4BF /* PBXTargetDependency */,
			);
			name = "O-StoreUITests";
			productName = "O-StoreUITests";
			productReference = 2B26BF6A28BCF9F900B8E4BF /* O-StoreUITests.xctest */;
			productType = "com.apple.product-type.bundle.ui-testing";
		};
/* End PBXNativeTarget section */

/* Begin PBXProject section */
		2B26BF4228BCF9F700B8E4BF /* Project object */ = {
			isa = PBXProject;
			attributes = {
				BuildIndependentTargetsInParallel = 1;
				LastSwiftUpdateCheck = 1340;
				LastUpgradeCheck = 1340;
				TargetAttributes = {
					2B26BF4928BCF9F700B8E4BF = {
						CreatedOnToolsVersion = 13.4.1;
					};
					2B26BF5F28BCF9F900B8E4BF = {
						CreatedOnToolsVersion = 13.4.1;
						TestTargetID = 2B26BF4928BCF9F700B8E4BF;
					};
					2B26BF6928BCF9F900B8E4BF = {
						CreatedOnToolsVersion = 13.4.1;
						TestTargetID = 2B26BF4928BCF9F700B8E4BF;
					};
				};
			};
			buildConfigurationList = 2B26BF4528BCF9F700B8E4BF /* Build configuration list for PBXProject "O-Store" */;
			compatibilityVersion = "Xcode 13.0";
			developmentRegion = en;
			hasScannedForEncodings = 0;
			knownRegions = (
				en,
				Base,
			);
			mainGroup = 2B26BF4128BCF9F700B8E4BF;
			productRefGroup = 2B26BF4B28BCF9F700B8E4BF /* Products */;
			projectDirPath = "";
			projectRoot = "";
			targets = (
				2B26BF4928BCF9F700B8E4BF /* O-Store */,
				2B26BF5F28BCF9F900B8E4BF /* O-StoreTests */,
				2B26BF6928BCF9F900B8E4BF /* O-StoreUITests */,
			);
		};
/* End PBXProject section */

/* Begin PBXResourcesBuildPhase section */
		2B26BF4828BCF9F700B8E4BF /* Resources */ = {
			isa = PBXResourcesBuildPhase;
			buildActionMask = 2147483647;
			files = (
				2B26BF5A28BCF9F800B8E4BF /* LaunchScreen.storyboard in Resources */,
				2B26BF5728BCF9F800B8E4BF /* Assets.xcassets in Resources */,
				2B26BF5528BCF9F700B8E4BF /* Main.storyboard in Resources */,
			);
			runOnlyForDeploymentPostprocessing = 0;
		};
		2B26BF5E28BCF9F900B8E4BF /* Resources */ = {
			isa = PBXResourcesBuildPhase;
			buildActionMask = 2147483647;
			files = (
			);
			runOnlyForDeploymentPostprocessing = 0;
		};
		2B26BF6828BCF9F900B8E4BF /* Resources */ = {
			isa = PBXResourcesBuildPhase;
			buildActionMask = 2147483647;
			files = (
			);
			runOnlyForDeploymentPostprocessing = 0;
		};
/* End PBXResourcesBuildPhase section */

/* Begin PBXSourcesBuildPhase section */
		2B26BF4628BCF9F700B8E4BF /* Sources */ = {
			isa = PBXSourcesBuildPhase;
			buildActionMask = 2147483647;
			files = (
				2B26BF8428BD0AB400B8E4BF /* CatgoriesViewController.swift in Sources */,
				2B19D4AA28BE372A00ADCD89 /* myTableViewCell.swift in Sources */,
				2B26BF5228BCF9F700B8E4BF /* ViewController.swift in Sources */,
				2B26BF4E28BCF9F700B8E4BF /* AppDelegate.swift in Sources */,
				2B26BF5028BCF9F700B8E4BF /* SceneDelegate.swift in Sources */,
				EE19BF8D28BE451000BBC6D8 /* CatViewController.swift in Sources */,
			);
			runOnlyForDeploymentPostprocessing = 0;
		};
		2B26BF5C28BCF9F900B8E4BF /* Sources */ = {
			isa = PBXSourcesBuildPhase;
			buildActionMask = 2147483647;
			files = (
				2B26BF6528BCF9F900B8E4BF /* O_StoreTests.swift in Sources */,
			);
			runOnlyForDeploymentPostprocessing = 0;
		};
		2B26BF6628BCF9F900B8E4BF /* Sources */ = {
			isa = PBXSourcesBuildPhase;
			buildActionMask = 2147483647;
			files = (
				2B26BF7128BCF9F900B8E4BF /* O_StoreUITestsLaunchTests.swift in Sources */,
				2B26BF6F28BCF9F900B8E4BF /* O_StoreUITests.swift in Sources */,
			);
			runOnlyForDeploymentPostprocessing = 0;
		};
/* End PBXSourcesBuildPhase section */

/* Begin PBXTargetDependency section */
		2B26BF6228BCF9F900B8E4BF /* PBXTargetDependency */ = {
			isa = PBXTargetDependency;
			target = 2B26BF4928BCF9F700B8E4BF /* O-Store */;
			targetProxy = 2B26BF6128BCF9F900B8E4BF /* PBXContainerItemProxy */;
		};
		2B26BF6C28BCF9F900B8E4BF /* PBXTargetDependency */ = {
			isa = PBXTargetDependency;
			target = 2B26BF4928BCF9F700B8E4BF /* O-Store */;
			targetProxy = 2B26BF6B28BCF9F900B8E4BF /* PBXContainerItemProxy */;
		};
/* End PBXTargetDependency section */

/* Begin PBXVariantGroup section */
		2B26BF5328BCF9F700B8E4BF /* Main.storyboard */ = {
			isa = PBXVariantGroup;
			children = (
				2B26BF5428BCF9F700B8E4BF /* Base */,
			);
			name = Main.storyboard;
			sourceTree = "<group>";
		};
		2B26BF5828BCF9F800B8E4BF /* LaunchScreen.storyboard */ = {
			isa = PBXVariantGroup;
			children = (
				2B26BF5928BCF9F800B8E4BF /* Base */,
			);
			name = LaunchScreen.storyboard;
			sourceTree = "<group>";
		};
/* End PBXVariantGroup section */

/* Begin XCBuildConfiguration section */
		2B26BF7228BCF9F900B8E4BF /* Debug */ = {
			isa = XCBuildConfiguration;
			buildSettings = {
				ALWAYS_SEARCH_USER_PATHS = NO;
				CLANG_ANALYZER_NONNULL = YES;
				CLANG_ANALYZER_NUMBER_OBJECT_CONVERSION = YES_AGGRESSIVE;
				CLANG_CXX_LANGUAGE_STANDARD = "gnu++17";
				CLANG_ENABLE_MODULES = YES;
				CLANG_ENABLE_OBJC_ARC = YES;
				CLANG_ENABLE_OBJC_WEAK = YES;
				CLANG_WARN_BLOCK_CAPTURE_AUTORELEASING = YES;
				CLANG_WARN_BOOL_CONVERSION = YES;
				CLANG_WARN_COMMA = YES;
				CLANG_WARN_CONSTANT_CONVERSION = YES;
				CLANG_WARN_DEPRECATED_OBJC_IMPLEMENTATIONS = YES;
				CLANG_WARN_DIRECT_OBJC_ISA_USAGE = YES_ERROR;
				CLANG_WARN_DOCUMENTATION_COMMENTS = YES;
				CLANG_WARN_EMPTY_BODY = YES;
				CLANG_WARN_ENUM_CONVERSION = YES;
				CLANG_WARN_INFINITE_RECURSION = YES;
				CLANG_WARN_INT_CONVERSION = YES;
				CLANG_WARN_NON_LITERAL_NULL_CONVERSION = YES;
				CLANG_WARN_OBJC_IMPLICIT_RETAIN_SELF = YES;
				CLANG_WARN_OBJC_LITERAL_CONVERSION = YES;
				CLANG_WARN_OBJC_ROOT_CLASS = YES_ERROR;
				CLANG_WARN_QUOTED_INCLUDE_IN_FRAMEWORK_HEADER = YES;
				CLANG_WARN_RANGE_LOOP_ANALYSIS = YES;
				CLANG_WARN_STRICT_PROTOTYPES = YES;
				CLANG_WARN_SUSPICIOUS_MOVE = YES;
				CLANG_WARN_UNGUARDED_AVAILABILITY = YES_AGGRESSIVE;
				CLANG_WARN_UNREACHABLE_CODE = YES;
				CLANG_WARN__DUPLICATE_METHOD_MATCH = YES;
				COPY_PHASE_STRIP = NO;
				DEBUG_INFORMATION_FORMAT = dwarf;
				ENABLE_STRICT_OBJC_MSGSEND = YES;
				ENABLE_TESTABILITY = YES;
				GCC_C_LANGUAGE_STANDARD = gnu11;
				GCC_DYNAMIC_NO_PIC = NO;
				GCC_NO_COMMON_BLOCKS = YES;
				GCC_OPTIMIZATION_LEVEL = 0;
				GCC_PREPROCESSOR_DEFINITIONS = (
					"DEBUG=1",
					"$(inherited)",
				);
				GCC_WARN_64_TO_32_BIT_CONVERSION = YES;
				GCC_WARN_ABOUT_RETURN_TYPE = YES_ERROR;
				GCC_WARN_UNDECLARED_SELECTOR = YES;
				GCC_WARN_UNINITIALIZED_AUTOS = YES_AGGRESSIVE;
				GCC_WARN_UNUSED_FUNCTION = YES;
				GCC_WARN_UNUSED_VARIABLE = YES;
				IPHONEOS_DEPLOYMENT_TARGET = 15.5;
				MTL_ENABLE_DEBUG_INFO = INCLUDE_SOURCE;
				MTL_FAST_MATH = YES;
				ONLY_ACTIVE_ARCH = YES;
				SDKROOT = iphoneos;
				SWIFT_ACTIVE_COMPILATION_CONDITIONS = DEBUG;
				SWIFT_OPTIMIZATION_LEVEL = "-Onone";
			};
			name = Debug;
		};
		2B26BF7328BCF9F900B8E4BF /* Release */ = {
			isa = XCBuildConfiguration;
			buildSettings = {
				ALWAYS_SEARCH_USER_PATHS = NO;
				CLANG_ANALYZER_NONNULL = YES;
				CLANG_ANALYZER_NUMBER_OBJECT_CONVERSION = YES_AGGRESSIVE;
				CLANG_CXX_LANGUAGE_STANDARD = "gnu++17";
				CLANG_ENABLE_MODULES = YES;
				CLANG_ENABLE_OBJC_ARC = YES;
				CLANG_ENABLE_OBJC_WEAK = YES;
				CLANG_WARN_BLOCK_CAPTURE_AUTORELEASING = YES;
				CLANG_WARN_BOOL_CONVERSION = YES;
				CLANG_WARN_COMMA = YES;
				CLANG_WARN_CONSTANT_CONVERSION = YES;
				CLANG_WARN_DEPRECATED_OBJC_IMPLEMENTATIONS = YES;
				CLANG_WARN_DIRECT_OBJC_ISA_USAGE = YES_ERROR;
				CLANG_WARN_DOCUMENTATION_COMMENTS = YES;
				CLANG_WARN_EMPTY_BODY = YES;
				CLANG_WARN_ENUM_CONVERSION = YES;
				CLANG_WARN_INFINITE_RECURSION = YES;
				CLANG_WARN_INT_CONVERSION = YES;
				CLANG_WARN_NON_LITERAL_NULL_CONVERSION = YES;
				CLANG_WARN_OBJC_IMPLICIT_RETAIN_SELF = YES;
				CLANG_WARN_OBJC_LITERAL_CONVERSION = YES;
				CLANG_WARN_OBJC_ROOT_CLASS = YES_ERROR;
				CLANG_WARN_QUOTED_INCLUDE_IN_FRAMEWORK_HEADER = YES;
				CLANG_WARN_RANGE_LOOP_ANALYSIS = YES;
				CLANG_WARN_STRICT_PROTOTYPES = YES;
				CLANG_WARN_SUSPICIOUS_MOVE = YES;
				CLANG_WARN_UNGUARDED_AVAILABILITY = YES_AGGRESSIVE;
				CLANG_WARN_UNREACHABLE_CODE = YES;
				CLANG_WARN__DUPLICATE_METHOD_MATCH = YES;
				COPY_PHASE_STRIP = NO;
				DEBUG_INFORMATION_FORMAT = "dwarf-with-dsym";
				ENABLE_NS_ASSERTIONS = NO;
				ENABLE_STRICT_OBJC_MSGSEND = YES;
				GCC_C_LANGUAGE_STANDARD = gnu11;
				GCC_NO_COMMON_BLOCKS = YES;
				GCC_WARN_64_TO_32_BIT_CONVERSION = YES;
				GCC_WARN_ABOUT_RETURN_TYPE = YES_ERROR;
				GCC_WARN_UNDECLARED_SELECTOR = YES;
				GCC_WARN_UNINITIALIZED_AUTOS = YES_AGGRESSIVE;
				GCC_WARN_UNUSED_FUNCTION = YES;
				GCC_WARN_UNUSED_VARIABLE = YES;
				IPHONEOS_DEPLOYMENT_TARGET = 15.5;
				MTL_ENABLE_DEBUG_INFO = NO;
				MTL_FAST_MATH = YES;
				SDKROOT = iphoneos;
				SWIFT_COMPILATION_MODE = wholemodule;
				SWIFT_OPTIMIZATION_LEVEL = "-O";
				VALIDATE_PRODUCT = YES;
			};
			name = Release;
		};
		2B26BF7528BCF9F900B8E4BF /* Debug */ = {
			isa = XCBuildConfiguration;
			buildSettings = {
				ASSETCATALOG_COMPILER_APPICON_NAME = AppIcon;
				ASSETCATALOG_COMPILER_GLOBAL_ACCENT_COLOR_NAME = AccentColor;
				CODE_SIGN_STYLE = Automatic;
				CURRENT_PROJECT_VERSION = 1;
				GENERATE_INFOPLIST_FILE = YES;
				INFOPLIST_FILE = "O-Store/Info.plist";
				INFOPLIST_KEY_UIApplicationSupportsIndirectInputEvents = YES;
				INFOPLIST_KEY_UILaunchStoryboardName = LaunchScreen;
				INFOPLIST_KEY_UIMainStoryboardFile = Main;
				INFOPLIST_KEY_UISupportedInterfaceOrientations = "UIInterfaceOrientationPortrait UIInterfaceOrientationLandscapeLeft UIInterfaceOrientationLandscapeRight";
				INFOPLIST_KEY_UISupportedInterfaceOrientations_iPad = "UIInterfaceOrientationPortrait UIInterfaceOrientationPortraitUpsideDown UIInterfaceOrientationLandscapeLeft UIInterfaceOrientationLandscapeRight";
				INFOPLIST_KEY_UISupportedInterfaceOrientations_iPhone = "UIInterfaceOrientationPortrait UIInterfaceOrientationLandscapeLeft UIInterfaceOrientationLandscapeRight";
				LD_RUNPATH_SEARCH_PATHS = (
					"$(inherited)",
					"@executable_path/Frameworks",
				);
				MARKETING_VERSION = 1.0;
				PRODUCT_BUNDLE_IDENTIFIER = "store.O-Store";
				PRODUCT_NAME = "$(TARGET_NAME)";
				SWIFT_EMIT_LOC_STRINGS = YES;
				SWIFT_VERSION = 5.0;
				TARGETED_DEVICE_FAMILY = "1,2";
			};
			name = Debug;
		};
		2B26BF7628BCF9F900B8E4BF /* Release */ = {
			isa = XCBuildConfiguration;
			buildSettings = {
				ASSETCATALOG_COMPILER_APPICON_NAME = AppIcon;
				ASSETCATALOG_COMPILER_GLOBAL_ACCENT_COLOR_NAME = AccentColor;
				CODE_SIGN_STYLE = Automatic;
				CURRENT_PROJECT_VERSION = 1;
				GENERATE_INFOPLIST_FILE = YES;
				INFOPLIST_FILE = "O-Store/Info.plist";
				INFOPLIST_KEY_UIApplicationSupportsIndirectInputEvents = YES;
				INFOPLIST_KEY_UILaunchStoryboardName = LaunchScreen;
				INFOPLIST_KEY_UIMainStoryboardFile = Main;
				INFOPLIST_KEY_UISupportedInterfaceOrientations = "UIInterfaceOrientationPortrait UIInterfaceOrientationLandscapeLeft UIInterfaceOrientationLandscapeRight";
				INFOPLIST_KEY_UISupportedInterfaceOrientations_iPad = "UIInterfaceOrientationPortrait UIInterfaceOrientationPortraitUpsideDown UIInterfaceOrientationLandscapeLeft UIInterfaceOrientationLandscapeRight";
				INFOPLIST_KEY_UISupportedInterfaceOrientations_iPhone = "UIInterfaceOrientationPortrait UIInterfaceOrientationLandscapeLeft UIInterfaceOrientationLandscapeRight";
				LD_RUNPATH_SEARCH_PATHS = (
					"$(inherited)",
					"@executable_path/Frameworks",
				);
				MARKETING_VERSION = 1.0;
				PRODUCT_BUNDLE_IDENTIFIER = "store.O-Store";
				PRODUCT_NAME = "$(TARGET_NAME)";
				SWIFT_EMIT_LOC_STRINGS = YES;
				SWIFT_VERSION = 5.0;
				TARGETED_DEVICE_FAMILY = "1,2";
			};
			name = Release;
		};
		2B26BF7828BCF9F900B8E4BF /* Debug */ = {
			isa = XCBuildConfiguration;
			buildSettings = {
				ALWAYS_EMBED_SWIFT_STANDARD_LIBRARIES = YES;
				BUNDLE_LOADER = "$(TEST_HOST)";
				CODE_SIGN_STYLE = Automatic;
				CURRENT_PROJECT_VERSION = 1;
				GENERATE_INFOPLIST_FILE = YES;
				IPHONEOS_DEPLOYMENT_TARGET = 15.5;
				MARKETING_VERSION = 1.0;
				PRODUCT_BUNDLE_IDENTIFIER = "store.O-StoreTests";
				PRODUCT_NAME = "$(TARGET_NAME)";
				SWIFT_EMIT_LOC_STRINGS = NO;
				SWIFT_VERSION = 5.0;
				TARGETED_DEVICE_FAMILY = "1,2";
				TEST_HOST = "$(BUILT_PRODUCTS_DIR)/O-Store.app/O-Store";
			};
			name = Debug;
		};
		2B26BF7928BCF9F900B8E4BF /* Release */ = {
			isa = XCBuildConfiguration;
			buildSettings = {
				ALWAYS_EMBED_SWIFT_STANDARD_LIBRARIES = YES;
				BUNDLE_LOADER = "$(TEST_HOST)";
				CODE_SIGN_STYLE = Automatic;
				CURRENT_PROJECT_VERSION = 1;
				GENERATE_INFOPLIST_FILE = YES;
				IPHONEOS_DEPLOYMENT_TARGET = 15.5;
				MARKETING_VERSION = 1.0;
				PRODUCT_BUNDLE_IDENTIFIER = "store.O-StoreTests";
				PRODUCT_NAME = "$(TARGET_NAME)";
				SWIFT_EMIT_LOC_STRINGS = NO;
				SWIFT_VERSION = 5.0;
				TARGETED_DEVICE_FAMILY = "1,2";
				TEST_HOST = "$(BUILT_PRODUCTS_DIR)/O-Store.app/O-Store";
			};
			name = Release;
		};
		2B26BF7B28BCF9F900B8E4BF /* Debug */ = {
			isa = XCBuildConfiguration;
			buildSettings = {
				ALWAYS_EMBED_SWIFT_STANDARD_LIBRARIES = YES;
				CODE_SIGN_STYLE = Automatic;
				CURRENT_PROJECT_VERSION = 1;
				GENERATE_INFOPLIST_FILE = YES;
				MARKETING_VERSION = 1.0;
				PRODUCT_BUNDLE_IDENTIFIER = "store.O-StoreUITests";
				PRODUCT_NAME = "$(TARGET_NAME)";
				SWIFT_EMIT_LOC_STRINGS = NO;
				SWIFT_VERSION = 5.0;
				TARGETED_DEVICE_FAMILY = "1,2";
				TEST_TARGET_NAME = "O-Store";
			};
			name = Debug;
		};
		2B26BF7C28BCF9F900B8E4BF /* Release */ = {
			isa = XCBuildConfiguration;
			buildSettings = {
				ALWAYS_EMBED_SWIFT_STANDARD_LIBRARIES = YES;
				CODE_SIGN_STYLE = Automatic;
				CURRENT_PROJECT_VERSION = 1;
				GENERATE_INFOPLIST_FILE = YES;
				MARKETING_VERSION = 1.0;
				PRODUCT_BUNDLE_IDENTIFIER = "store.O-StoreUITests";
				PRODUCT_NAME = "$(TARGET_NAME)";
				SWIFT_EMIT_LOC_STRINGS = NO;
				SWIFT_VERSION = 5.0;
				TARGETED_DEVICE_FAMILY = "1,2";
				TEST_TARGET_NAME = "O-Store";
			};
			name = Release;
		};
/* End XCBuildConfiguration section */

/* Begin XCConfigurationList section */
		2B26BF4528BCF9F700B8E4BF /* Build configuration list for PBXProject "O-Store" */ = {
			isa = XCConfigurationList;
			buildConfigurations = (
				2B26BF7228BCF9F900B8E4BF /* Debug */,
				2B26BF7328BCF9F900B8E4BF /* Release */,
			);
			defaultConfigurationIsVisible = 0;
			defaultConfigurationName = Release;
		};
		2B26BF7428BCF9F900B8E4BF /* Build configuration list for PBXNativeTarget "O-Store" */ = {
			isa = XCConfigurationList;
			buildConfigurations = (
				2B26BF7528BCF9F900B8E4BF /* Debug */,
				2B26BF7628BCF9F900B8E4BF /* Release */,
			);
			defaultConfigurationIsVisible = 0;
			defaultConfigurationName = Release;
		};
		2B26BF7728BCF9F900B8E4BF /* Build configuration list for PBXNativeTarget "O-StoreTests" */ = {
			isa = XCConfigurationList;
			buildConfigurations = (
				2B26BF7828BCF9F900B8E4BF /* Debug */,
				2B26BF7928BCF9F900B8E4BF /* Release */,
			);
			defaultConfigurationIsVisible = 0;
			defaultConfigurationName = Release;
		};
		2B26BF7A28BCF9F900B8E4BF /* Build configuration list for PBXNativeTarget "O-StoreUITests" */ = {
			isa = XCConfigurationList;
			buildConfigurations = (
				2B26BF7B28BCF9F900B8E4BF /* Debug */,
				2B26BF7C28BCF9F900B8E4BF /* Release */,
			);
			defaultConfigurationIsVisible = 0;
			defaultConfigurationName = Release;
		};
/* End XCConfigurationList section */
	};
	rootObject = 2B26BF4228BCF9F700B8E4BF /* Project object */;
}
